// !$*UTF8*$!
{
	archiveVersion = 1;
	classes = {
	};
	objectVersion = 56;
	objects = {

/* Begin PBXBuildFile section */
		3C3557E82C299761003F43AA /* FileCache.swift in Sources */ = {isa = PBXBuildFile; fileRef = 3C3557E72C299761003F43AA /* FileCache.swift */; };
		3C5465B42C28A2DB00D7455D /* TodoItem.swift in Sources */ = {isa = PBXBuildFile; fileRef = 3C5465B32C28A2DB00D7455D /* TodoItem.swift */; };
		3C5465B72C28A54100D7455D /* TodoItem+JSON.swift in Sources */ = {isa = PBXBuildFile; fileRef = 3C5465B62C28A54100D7455D /* TodoItem+JSON.swift */; };
		3CBF695B2C23170F00CF97EF /* ToDoListOfYandex_SMDApp.swift in Sources */ = {isa = PBXBuildFile; fileRef = 3CBF695A2C23170F00CF97EF /* ToDoListOfYandex_SMDApp.swift */; };
		3CBF695D2C23170F00CF97EF /* ContentView.swift in Sources */ = {isa = PBXBuildFile; fileRef = 3CBF695C2C23170F00CF97EF /* ContentView.swift */; };
		3CBF695F2C23171000CF97EF /* Assets.xcassets in Resources */ = {isa = PBXBuildFile; fileRef = 3CBF695E2C23171000CF97EF /* Assets.xcassets */; };
		3CBF69622C23171000CF97EF /* Preview Assets.xcassets in Resources */ = {isa = PBXBuildFile; fileRef = 3CBF69612C23171000CF97EF /* Preview Assets.xcassets */; };
		3CBF696C2C23171000CF97EF /* ToDoListOfYandex_SMDTests.swift in Sources */ = {isa = PBXBuildFile; fileRef = 3CBF696B2C23171000CF97EF /* ToDoListOfYandex_SMDTests.swift */; };
		3CBF69762C23171000CF97EF /* ToDoListOfYandex_SMDUITests.swift in Sources */ = {isa = PBXBuildFile; fileRef = 3CBF69752C23171000CF97EF /* ToDoListOfYandex_SMDUITests.swift */; };
		3CBF69782C23171000CF97EF /* ToDoListOfYandex_SMDUITestsLaunchTests.swift in Sources */ = {isa = PBXBuildFile; fileRef = 3CBF69772C23171000CF97EF /* ToDoListOfYandex_SMDUITestsLaunchTests.swift */; };
/* End PBXBuildFile section */

/* Begin PBXContainerItemProxy section */
		3CBF69682C23171000CF97EF /* PBXContainerItemProxy */ = {
			isa = PBXContainerItemProxy;
			containerPortal = 3CBF694F2C23170F00CF97EF /* Project object */;
			proxyType = 1;
			remoteGlobalIDString = 3CBF69562C23170F00CF97EF;
			remoteInfo = ToDoListOfYandex_SMD;
		};
		3CBF69722C23171000CF97EF /* PBXContainerItemProxy */ = {
			isa = PBXContainerItemProxy;
			containerPortal = 3CBF694F2C23170F00CF97EF /* Project object */;
			proxyType = 1;
			remoteGlobalIDString = 3CBF69562C23170F00CF97EF;
			remoteInfo = ToDoListOfYandex_SMD;
		};
/* End PBXContainerItemProxy section */

/* Begin PBXFileReference section */
		3C3557E72C299761003F43AA /* FileCache.swift */ = {isa = PBXFileReference; lastKnownFileType = sourcecode.swift; path = FileCache.swift; sourceTree = "<group>"; };
		3C5465B32C28A2DB00D7455D /* TodoItem.swift */ = {isa = PBXFileReference; lastKnownFileType = sourcecode.swift; path = TodoItem.swift; sourceTree = "<group>"; };
		3C5465B62C28A54100D7455D /* TodoItem+JSON.swift */ = {isa = PBXFileReference; lastKnownFileType = sourcecode.swift; path = "TodoItem+JSON.swift"; sourceTree = "<group>"; };
		3CBF69572C23170F00CF97EF /* ToDoListOfYandex_SMD.app */ = {isa = PBXFileReference; explicitFileType = wrapper.application; includeInIndex = 0; path = ToDoListOfYandex_SMD.app; sourceTree = BUILT_PRODUCTS_DIR; };
		3CBF695A2C23170F00CF97EF /* ToDoListOfYandex_SMDApp.swift */ = {isa = PBXFileReference; lastKnownFileType = sourcecode.swift; path = ToDoListOfYandex_SMDApp.swift; sourceTree = "<group>"; };
		3CBF695C2C23170F00CF97EF /* ContentView.swift */ = {isa = PBXFileReference; lastKnownFileType = sourcecode.swift; path = ContentView.swift; sourceTree = "<group>"; };
		3CBF695E2C23171000CF97EF /* Assets.xcassets */ = {isa = PBXFileReference; lastKnownFileType = folder.assetcatalog; path = Assets.xcassets; sourceTree = "<group>"; };
		3CBF69612C23171000CF97EF /* Preview Assets.xcassets */ = {isa = PBXFileReference; lastKnownFileType = folder.assetcatalog; path = "Preview Assets.xcassets"; sourceTree = "<group>"; };
		3CBF69672C23171000CF97EF /* ToDoListOfYandex_SMDTests.xctest */ = {isa = PBXFileReference; explicitFileType = wrapper.cfbundle; includeInIndex = 0; path = ToDoListOfYandex_SMDTests.xctest; sourceTree = BUILT_PRODUCTS_DIR; };
		3CBF696B2C23171000CF97EF /* ToDoListOfYandex_SMDTests.swift */ = {isa = PBXFileReference; lastKnownFileType = sourcecode.swift; path = ToDoListOfYandex_SMDTests.swift; sourceTree = "<group>"; };
		3CBF69712C23171000CF97EF /* ToDoListOfYandex_SMDUITests.xctest */ = {isa = PBXFileReference; explicitFileType = wrapper.cfbundle; includeInIndex = 0; path = ToDoListOfYandex_SMDUITests.xctest; sourceTree = BUILT_PRODUCTS_DIR; };
		3CBF69752C23171000CF97EF /* ToDoListOfYandex_SMDUITests.swift */ = {isa = PBXFileReference; lastKnownFileType = sourcecode.swift; path = ToDoListOfYandex_SMDUITests.swift; sourceTree = "<group>"; };
		3CBF69772C23171000CF97EF /* ToDoListOfYandex_SMDUITestsLaunchTests.swift */ = {isa = PBXFileReference; lastKnownFileType = sourcecode.swift; path = ToDoListOfYandex_SMDUITestsLaunchTests.swift; sourceTree = "<group>"; };
/* End PBXFileReference section */

/* Begin PBXFrameworksBuildPhase section */
		3CBF69542C23170F00CF97EF /* Frameworks */ = {
			isa = PBXFrameworksBuildPhase;
			buildActionMask = 2147483647;
			files = (
			);
			runOnlyForDeploymentPostprocessing = 0;
		};
		3CBF69642C23171000CF97EF /* Frameworks */ = {
			isa = PBXFrameworksBuildPhase;
			buildActionMask = 2147483647;
			files = (
			);
			runOnlyForDeploymentPostprocessing = 0;
		};
		3CBF696E2C23171000CF97EF /* Frameworks */ = {
			isa = PBXFrameworksBuildPhase;
			buildActionMask = 2147483647;
			files = (
			);
			runOnlyForDeploymentPostprocessing = 0;
		};
/* End PBXFrameworksBuildPhase section */

/* Begin PBXGroup section */
		3C3557E62C2996E7003F43AA /* Service */ = {
			isa = PBXGroup;
			children = (
				3C3557E72C299761003F43AA /* FileCache.swift */,
			);
			path = Service;
			sourceTree = "<group>";
		};
		3C5465B22C28A15900D7455D /* Model */ = {
			isa = PBXGroup;
			children = (
				3C5465B32C28A2DB00D7455D /* TodoItem.swift */,
			);
			path = Model;
			sourceTree = "<group>";
		};
		3C5465B52C28A51800D7455D /* Extensions */ = {
			isa = PBXGroup;
			children = (
				3C5465B62C28A54100D7455D /* TodoItem+JSON.swift */,
			);
			path = Extensions;
			sourceTree = "<group>";
		};
		3C9A58782C2B15F800FA2072 /* View */ = {
			isa = PBXGroup;
			children = (
				3CBF695C2C23170F00CF97EF /* ContentView.swift */,
			);
			path = View;
			sourceTree = "<group>";
		};
		3CBF694E2C23170F00CF97EF = {
			isa = PBXGroup;
			children = (
				3CBF69592C23170F00CF97EF /* ToDoListOfYandex_SMD */,
				3CBF696A2C23171000CF97EF /* ToDoListOfYandex_SMDTests */,
				3CBF69742C23171000CF97EF /* ToDoListOfYandex_SMDUITests */,
				3CBF69582C23170F00CF97EF /* Products */,
			);
			sourceTree = "<group>";
		};
		3CBF69582C23170F00CF97EF /* Products */ = {
			isa = PBXGroup;
			children = (
				3CBF69572C23170F00CF97EF /* ToDoListOfYandex_SMD.app */,
				3CBF69672C23171000CF97EF /* ToDoListOfYandex_SMDTests.xctest */,
				3CBF69712C23171000CF97EF /* ToDoListOfYandex_SMDUITests.xctest */,
			);
			name = Products;
			sourceTree = "<group>";
		};
		3CBF69592C23170F00CF97EF /* ToDoListOfYandex_SMD */ = {
			isa = PBXGroup;
			children = (
				3C9A58782C2B15F800FA2072 /* View */,
				3C5465B22C28A15900D7455D /* Model */,
				3C5465B52C28A51800D7455D /* Extensions */,
				3C3557E62C2996E7003F43AA /* Service */,
				3CBF695A2C23170F00CF97EF /* ToDoListOfYandex_SMDApp.swift */,
				3CBF695E2C23171000CF97EF /* Assets.xcassets */,
				3CBF69602C23171000CF97EF /* Preview Content */,
			);
			path = ToDoListOfYandex_SMD;
			sourceTree = "<group>";
		};
		3CBF69602C23171000CF97EF /* Preview Content */ = {
			isa = PBXGroup;
			children = (
				3CBF69612C23171000CF97EF /* Preview Assets.xcassets */,
			);
			path = "Preview Content";
			sourceTree = "<group>";
		};
		3CBF696A2C23171000CF97EF /* ToDoListOfYandex_SMDTests */ = {
			isa = PBXGroup;
			children = (
				3CBF696B2C23171000CF97EF /* ToDoListOfYandex_SMDTests.swift */,
			);
			path = ToDoListOfYandex_SMDTests;
			sourceTree = "<group>";
		};
		3CBF69742C23171000CF97EF /* ToDoListOfYandex_SMDUITests */ = {
			isa = PBXGroup;
			children = (
				3CBF69752C23171000CF97EF /* ToDoListOfYandex_SMDUITests.swift */,
				3CBF69772C23171000CF97EF /* ToDoListOfYandex_SMDUITestsLaunchTests.swift */,
			);
			path = ToDoListOfYandex_SMDUITests;
			sourceTree = "<group>";
		};
/* End PBXGroup section */

/* Begin PBXNativeTarget section */
		3CBF69562C23170F00CF97EF /* ToDoListOfYandex_SMD */ = {
			isa = PBXNativeTarget;
			buildConfigurationList = 3CBF697B2C23171000CF97EF /* Build configuration list for PBXNativeTarget "ToDoListOfYandex_SMD" */;
			buildPhases = (
				3CBF69532C23170F00CF97EF /* Sources */,
				3CBF69542C23170F00CF97EF /* Frameworks */,
				3CBF69552C23170F00CF97EF /* Resources */,
			);
			buildRules = (
			);
			dependencies = (
			);
			name = ToDoListOfYandex_SMD;
			productName = ToDoListOfYandex_SMD;
			productReference = 3CBF69572C23170F00CF97EF /* ToDoListOfYandex_SMD.app */;
			productType = "com.apple.product-type.application";
		};
		3CBF69662C23171000CF97EF /* ToDoListOfYandex_SMDTests */ = {
			isa = PBXNativeTarget;
			buildConfigurationList = 3CBF697E2C23171000CF97EF /* Build configuration list for PBXNativeTarget "ToDoListOfYandex_SMDTests" */;
			buildPhases = (
				3CBF69632C23171000CF97EF /* Sources */,
				3CBF69642C23171000CF97EF /* Frameworks */,
				3CBF69652C23171000CF97EF /* Resources */,
			);
			buildRules = (
			);
			dependencies = (
				3CBF69692C23171000CF97EF /* PBXTargetDependency */,
			);
			name = ToDoListOfYandex_SMDTests;
			productName = ToDoListOfYandex_SMDTests;
			productReference = 3CBF69672C23171000CF97EF /* ToDoListOfYandex_SMDTests.xctest */;
			productType = "com.apple.product-type.bundle.unit-test";
		};
		3CBF69702C23171000CF97EF /* ToDoListOfYandex_SMDUITests */ = {
			isa = PBXNativeTarget;
			buildConfigurationList = 3CBF69812C23171000CF97EF /* Build configuration list for PBXNativeTarget "ToDoListOfYandex_SMDUITests" */;
			buildPhases = (
				3CBF696D2C23171000CF97EF /* Sources */,
				3CBF696E2C23171000CF97EF /* Frameworks */,
				3CBF696F2C23171000CF97EF /* Resources */,
			);
			buildRules = (
			);
			dependencies = (
				3CBF69732C23171000CF97EF /* PBXTargetDependency */,
			);
			name = ToDoListOfYandex_SMDUITests;
			productName = ToDoListOfYandex_SMDUITests;
			productReference = 3CBF69712C23171000CF97EF /* ToDoListOfYandex_SMDUITests.xctest */;
			productType = "com.apple.product-type.bundle.ui-testing";
		};
/* End PBXNativeTarget section */

/* Begin PBXProject section */
		3CBF694F2C23170F00CF97EF /* Project object */ = {
			isa = PBXProject;
			attributes = {
				BuildIndependentTargetsInParallel = 1;
				LastSwiftUpdateCheck = 1500;
				LastUpgradeCheck = 1500;
				TargetAttributes = {
					3CBF69562C23170F00CF97EF = {
						CreatedOnToolsVersion = 15.0.1;
					};
					3CBF69662C23171000CF97EF = {
						CreatedOnToolsVersion = 15.0.1;
						TestTargetID = 3CBF69562C23170F00CF97EF;
					};
					3CBF69702C23171000CF97EF = {
						CreatedOnToolsVersion = 15.0.1;
						TestTargetID = 3CBF69562C23170F00CF97EF;
					};
				};
			};
			buildConfigurationList = 3CBF69522C23170F00CF97EF /* Build configuration list for PBXProject "ToDoListOfYandex_SMD" */;
			compatibilityVersion = "Xcode 14.0";
			developmentRegion = en;
			hasScannedForEncodings = 0;
			knownRegions = (
				en,
				Base,
			);
			mainGroup = 3CBF694E2C23170F00CF97EF;
			productRefGroup = 3CBF69582C23170F00CF97EF /* Products */;
			projectDirPath = "";
			projectRoot = "";
			targets = (
				3CBF69562C23170F00CF97EF /* ToDoListOfYandex_SMD */,
				3CBF69662C23171000CF97EF /* ToDoListOfYandex_SMDTests */,
				3CBF69702C23171000CF97EF /* ToDoListOfYandex_SMDUITests */,
			);
		};
/* End PBXProject section */

/* Begin PBXResourcesBuildPhase section */
		3CBF69552C23170F00CF97EF /* Resources */ = {
			isa = PBXResourcesBuildPhase;
			buildActionMask = 2147483647;
			files = (
				3CBF69622C23171000CF97EF /* Preview Assets.xcassets in Resources */,
				3CBF695F2C23171000CF97EF /* Assets.xcassets in Resources */,
			);
			runOnlyForDeploymentPostprocessing = 0;
		};
		3CBF69652C23171000CF97EF /* Resources */ = {
			isa = PBXResourcesBuildPhase;
			buildActionMask = 2147483647;
			files = (
			);
			runOnlyForDeploymentPostprocessing = 0;
		};
		3CBF696F2C23171000CF97EF /* Resources */ = {
			isa = PBXResourcesBuildPhase;
			buildActionMask = 2147483647;
			files = (
			);
			runOnlyForDeploymentPostprocessing = 0;
		};
/* End PBXResourcesBuildPhase section */

/* Begin PBXSourcesBuildPhase section */
		3CBF69532C23170F00CF97EF /* Sources */ = {
			isa = PBXSourcesBuildPhase;
			buildActionMask = 2147483647;
			files = (
				3C5465B72C28A54100D7455D /* TodoItem+JSON.swift in Sources */,
				3CBF695D2C23170F00CF97EF /* ContentView.swift in Sources */,
				3C5465B42C28A2DB00D7455D /* TodoItem.swift in Sources */,
				3C3557E82C299761003F43AA /* FileCache.swift in Sources */,
				3CBF695B2C23170F00CF97EF /* ToDoListOfYandex_SMDApp.swift in Sources */,
			);
			runOnlyForDeploymentPostprocessing = 0;
		};
		3CBF69632C23171000CF97EF /* Sources */ = {
			isa = PBXSourcesBuildPhase;
			buildActionMask = 2147483647;
			files = (
				3CBF696C2C23171000CF97EF /* ToDoListOfYandex_SMDTests.swift in Sources */,
			);
			runOnlyForDeploymentPostprocessing = 0;
		};
		3CBF696D2C23171000CF97EF /* Sources */ = {
			isa = PBXSourcesBuildPhase;
			buildActionMask = 2147483647;
			files = (
				3CBF69762C23171000CF97EF /* ToDoListOfYandex_SMDUITests.swift in Sources */,
				3CBF69782C23171000CF97EF /* ToDoListOfYandex_SMDUITestsLaunchTests.swift in Sources */,
			);
			runOnlyForDeploymentPostprocessing = 0;
		};
/* End PBXSourcesBuildPhase section */

/* Begin PBXTargetDependency section */
		3CBF69692C23171000CF97EF /* PBXTargetDependency */ = {
			isa = PBXTargetDependency;
			target = 3CBF69562C23170F00CF97EF /* ToDoListOfYandex_SMD */;
			targetProxy = 3CBF69682C23171000CF97EF /* PBXContainerItemProxy */;
		};
		3CBF69732C23171000CF97EF /* PBXTargetDependency */ = {
			isa = PBXTargetDependency;
			target = 3CBF69562C23170F00CF97EF /* ToDoListOfYandex_SMD */;
			targetProxy = 3CBF69722C23171000CF97EF /* PBXContainerItemProxy */;
		};
/* End PBXTargetDependency section */

/* Begin XCBuildConfiguration section */
		3CBF69792C23171000CF97EF /* Debug */ = {
			isa = XCBuildConfiguration;
			buildSettings = {
				ALWAYS_SEARCH_USER_PATHS = NO;
				ASSETCATALOG_COMPILER_GENERATE_SWIFT_ASSET_SYMBOL_EXTENSIONS = YES;
				CLANG_ANALYZER_NONNULL = YES;
				CLANG_ANALYZER_NUMBER_OBJECT_CONVERSION = YES_AGGRESSIVE;
				CLANG_CXX_LANGUAGE_STANDARD = "gnu++20";
				CLANG_ENABLE_MODULES = YES;
				CLANG_ENABLE_OBJC_ARC = YES;
				CLANG_ENABLE_OBJC_WEAK = YES;
				CLANG_WARN_BLOCK_CAPTURE_AUTORELEASING = YES;
				CLANG_WARN_BOOL_CONVERSION = YES;
				CLANG_WARN_COMMA = YES;
				CLANG_WARN_CONSTANT_CONVERSION = YES;
				CLANG_WARN_DEPRECATED_OBJC_IMPLEMENTATIONS = YES;
				CLANG_WARN_DIRECT_OBJC_ISA_USAGE = YES_ERROR;
				CLANG_WARN_DOCUMENTATION_COMMENTS = YES;
				CLANG_WARN_EMPTY_BODY = YES;
				CLANG_WARN_ENUM_CONVERSION = YES;
				CLANG_WARN_INFINITE_RECURSION = YES;
				CLANG_WARN_INT_CONVERSION = YES;
				CLANG_WARN_NON_LITERAL_NULL_CONVERSION = YES;
				CLANG_WARN_OBJC_IMPLICIT_RETAIN_SELF = YES;
				CLANG_WARN_OBJC_LITERAL_CONVERSION = YES;
				CLANG_WARN_OBJC_ROOT_CLASS = YES_ERROR;
				CLANG_WARN_QUOTED_INCLUDE_IN_FRAMEWORK_HEADER = YES;
				CLANG_WARN_RANGE_LOOP_ANALYSIS = YES;
				CLANG_WARN_STRICT_PROTOTYPES = YES;
				CLANG_WARN_SUSPICIOUS_MOVE = YES;
				CLANG_WARN_UNGUARDED_AVAILABILITY = YES_AGGRESSIVE;
				CLANG_WARN_UNREACHABLE_CODE = YES;
				CLANG_WARN__DUPLICATE_METHOD_MATCH = YES;
				COPY_PHASE_STRIP = NO;
				DEBUG_INFORMATION_FORMAT = dwarf;
				ENABLE_STRICT_OBJC_MSGSEND = YES;
				ENABLE_TESTABILITY = YES;
				ENABLE_USER_SCRIPT_SANDBOXING = YES;
				GCC_C_LANGUAGE_STANDARD = gnu17;
				GCC_DYNAMIC_NO_PIC = NO;
				GCC_NO_COMMON_BLOCKS = YES;
				GCC_OPTIMIZATION_LEVEL = 0;
				GCC_PREPROCESSOR_DEFINITIONS = (
					"DEBUG=1",
					"$(inherited)",
				);
				GCC_WARN_64_TO_32_BIT_CONVERSION = YES;
				GCC_WARN_ABOUT_RETURN_TYPE = YES_ERROR;
				GCC_WARN_UNDECLARED_SELECTOR = YES;
				GCC_WARN_UNINITIALIZED_AUTOS = YES_AGGRESSIVE;
				GCC_WARN_UNUSED_FUNCTION = YES;
				GCC_WARN_UNUSED_VARIABLE = YES;
				IPHONEOS_DEPLOYMENT_TARGET = 17.0;
				LOCALIZATION_PREFERS_STRING_CATALOGS = YES;
				MTL_ENABLE_DEBUG_INFO = INCLUDE_SOURCE;
				MTL_FAST_MATH = YES;
				ONLY_ACTIVE_ARCH = YES;
				SDKROOT = iphoneos;
				SWIFT_ACTIVE_COMPILATION_CONDITIONS = "DEBUG $(inherited)";
				SWIFT_OPTIMIZATION_LEVEL = "-Onone";
			};
			name = Debug;
		};
		3CBF697A2C23171000CF97EF /* Release */ = {
			isa = XCBuildConfiguration;
			buildSettings = {
				ALWAYS_SEARCH_USER_PATHS = NO;
				ASSETCATALOG_COMPILER_GENERATE_SWIFT_ASSET_SYMBOL_EXTENSIONS = YES;
				CLANG_ANALYZER_NONNULL = YES;
				CLANG_ANALYZER_NUMBER_OBJECT_CONVERSION = YES_AGGRESSIVE;
				CLANG_CXX_LANGUAGE_STANDARD = "gnu++20";
				CLANG_ENABLE_MODULES = YES;
				CLANG_ENABLE_OBJC_ARC = YES;
				CLANG_ENABLE_OBJC_WEAK = YES;
				CLANG_WARN_BLOCK_CAPTURE_AUTORELEASING = YES;
				CLANG_WARN_BOOL_CONVERSION = YES;
				CLANG_WARN_COMMA = YES;
				CLANG_WARN_CONSTANT_CONVERSION = YES;
				CLANG_WARN_DEPRECATED_OBJC_IMPLEMENTATIONS = YES;
				CLANG_WARN_DIRECT_OBJC_ISA_USAGE = YES_ERROR;
				CLANG_WARN_DOCUMENTATION_COMMENTS = YES;
				CLANG_WARN_EMPTY_BODY = YES;
				CLANG_WARN_ENUM_CONVERSION = YES;
				CLANG_WARN_INFINITE_RECURSION = YES;
				CLANG_WARN_INT_CONVERSION = YES;
				CLANG_WARN_NON_LITERAL_NULL_CONVERSION = YES;
				CLANG_WARN_OBJC_IMPLICIT_RETAIN_SELF = YES;
				CLANG_WARN_OBJC_LITERAL_CONVERSION = YES;
				CLANG_WARN_OBJC_ROOT_CLASS = YES_ERROR;
				CLANG_WARN_QUOTED_INCLUDE_IN_FRAMEWORK_HEADER = YES;
				CLANG_WARN_RANGE_LOOP_ANALYSIS = YES;
				CLANG_WARN_STRICT_PROTOTYPES = YES;
				CLANG_WARN_SUSPICIOUS_MOVE = YES;
				CLANG_WARN_UNGUARDED_AVAILABILITY = YES_AGGRESSIVE;
				CLANG_WARN_UNREACHABLE_CODE = YES;
				CLANG_WARN__DUPLICATE_METHOD_MATCH = YES;
				COPY_PHASE_STRIP = NO;
				DEBUG_INFORMATION_FORMAT = "dwarf-with-dsym";
				ENABLE_NS_ASSERTIONS = NO;
				ENABLE_STRICT_OBJC_MSGSEND = YES;
				ENABLE_USER_SCRIPT_SANDBOXING = YES;
				GCC_C_LANGUAGE_STANDARD = gnu17;
				GCC_NO_COMMON_BLOCKS = YES;
				GCC_WARN_64_TO_32_BIT_CONVERSION = YES;
				GCC_WARN_ABOUT_RETURN_TYPE = YES_ERROR;
				GCC_WARN_UNDECLARED_SELECTOR = YES;
				GCC_WARN_UNINITIALIZED_AUTOS = YES_AGGRESSIVE;
				GCC_WARN_UNUSED_FUNCTION = YES;
				GCC_WARN_UNUSED_VARIABLE = YES;
				IPHONEOS_DEPLOYMENT_TARGET = 17.0;
				LOCALIZATION_PREFERS_STRING_CATALOGS = YES;
				MTL_ENABLE_DEBUG_INFO = NO;
				MTL_FAST_MATH = YES;
				SDKROOT = iphoneos;
				SWIFT_COMPILATION_MODE = wholemodule;
				VALIDATE_PRODUCT = YES;
			};
			name = Release;
		};
		3CBF697C2C23171000CF97EF /* Debug */ = {
			isa = XCBuildConfiguration;
			buildSettings = {
				ASSETCATALOG_COMPILER_APPICON_NAME = AppIcon;
				ASSETCATALOG_COMPILER_GLOBAL_ACCENT_COLOR_NAME = AccentColor;
				CODE_SIGN_STYLE = Automatic;
				CURRENT_PROJECT_VERSION = 1;
				DEVELOPMENT_ASSET_PATHS = "\"ToDoListOfYandex_SMD/Preview Content\"";
				DEVELOPMENT_TEAM = KKQT27JS9K;
				ENABLE_PREVIEWS = YES;
				GENERATE_INFOPLIST_FILE = YES;
				INFOPLIST_KEY_UIApplicationSceneManifest_Generation = YES;
				INFOPLIST_KEY_UIApplicationSupportsIndirectInputEvents = YES;
				INFOPLIST_KEY_UILaunchScreen_Generation = YES;
				INFOPLIST_KEY_UISupportedInterfaceOrientations_iPad = "UIInterfaceOrientationPortrait UIInterfaceOrientationPortraitUpsideDown UIInterfaceOrientationLandscapeLeft UIInterfaceOrientationLandscapeRight";
				INFOPLIST_KEY_UISupportedInterfaceOrientations_iPhone = "UIInterfaceOrientationPortrait UIInterfaceOrientationLandscapeLeft UIInterfaceOrientationLandscapeRight";
				LD_RUNPATH_SEARCH_PATHS = (
					"$(inherited)",
					"@executable_path/Frameworks",
				);
				MARKETING_VERSION = 1.0;
				PRODUCT_BUNDLE_IDENTIFIER = "com.vikasmet.ToDoListOfYandex-SMD";
				PRODUCT_NAME = "$(TARGET_NAME)";
				SWIFT_EMIT_LOC_STRINGS = YES;
				SWIFT_VERSION = 5.0;
				TARGETED_DEVICE_FAMILY = "1,2";
			};
			name = Debug;
		};
		3CBF697D2C23171000CF97EF /* Release */ = {
			isa = XCBuildConfiguration;
			buildSettings = {
				ASSETCATALOG_COMPILER_APPICON_NAME = AppIcon;
				ASSETCATALOG_COMPILER_GLOBAL_ACCENT_COLOR_NAME = AccentColor;
				CODE_SIGN_STYLE = Automatic;
				CURRENT_PROJECT_VERSION = 1;
				DEVELOPMENT_ASSET_PATHS = "\"ToDoListOfYandex_SMD/Preview Content\"";
				DEVELOPMENT_TEAM = KKQT27JS9K;
				ENABLE_PREVIEWS = YES;
				GENERATE_INFOPLIST_FILE = YES;
				INFOPLIST_KEY_UIApplicationSceneManifest_Generation = YES;
				INFOPLIST_KEY_UIApplicationSupportsIndirectInputEvents = YES;
				INFOPLIST_KEY_UILaunchScreen_Generation = YES;
				INFOPLIST_KEY_UISupportedInterfaceOrientations_iPad = "UIInterfaceOrientationPortrait UIInterfaceOrientationPortraitUpsideDown UIInterfaceOrientationLandscapeLeft UIInterfaceOrientationLandscapeRight";
				INFOPLIST_KEY_UISupportedInterfaceOrientations_iPhone = "UIInterfaceOrientationPortrait UIInterfaceOrientationLandscapeLeft UIInterfaceOrientationLandscapeRight";
				LD_RUNPATH_SEARCH_PATHS = (
					"$(inherited)",
					"@executable_path/Frameworks",
				);
				MARKETING_VERSION = 1.0;
				PRODUCT_BUNDLE_IDENTIFIER = "com.vikasmet.ToDoListOfYandex-SMD";
				PRODUCT_NAME = "$(TARGET_NAME)";
				SWIFT_EMIT_LOC_STRINGS = YES;
				SWIFT_VERSION = 5.0;
				TARGETED_DEVICE_FAMILY = "1,2";
			};
			name = Release;
		};
		3CBF697F2C23171000CF97EF /* Debug */ = {
			isa = XCBuildConfiguration;
			buildSettings = {
				ALWAYS_EMBED_SWIFT_STANDARD_LIBRARIES = YES;
				BUNDLE_LOADER = "$(TEST_HOST)";
				CODE_SIGN_STYLE = Automatic;
				CURRENT_PROJECT_VERSION = 1;
				DEVELOPMENT_TEAM = KKQT27JS9K;
				GENERATE_INFOPLIST_FILE = YES;
				IPHONEOS_DEPLOYMENT_TARGET = 17.0;
				MARKETING_VERSION = 1.0;
				PRODUCT_BUNDLE_IDENTIFIER = "com.vikasmet.ToDoListOfYandex-SMDTests";
				PRODUCT_NAME = "$(TARGET_NAME)";
				SWIFT_EMIT_LOC_STRINGS = NO;
				SWIFT_VERSION = 5.0;
				TARGETED_DEVICE_FAMILY = "1,2";
				TEST_HOST = "$(BUILT_PRODUCTS_DIR)/ToDoListOfYandex_SMD.app/$(BUNDLE_EXECUTABLE_FOLDER_PATH)/ToDoListOfYandex_SMD";
			};
			name = Debug;
		};
		3CBF69802C23171000CF97EF /* Release */ = {
			isa = XCBuildConfiguration;
			buildSettings = {
				ALWAYS_EMBED_SWIFT_STANDARD_LIBRARIES = YES;
				BUNDLE_LOADER = "$(TEST_HOST)";
				CODE_SIGN_STYLE = Automatic;
				CURRENT_PROJECT_VERSION = 1;
				DEVELOPMENT_TEAM = KKQT27JS9K;
				GENERATE_INFOPLIST_FILE = YES;
				IPHONEOS_DEPLOYMENT_TARGET = 17.0;
				MARKETING_VERSION = 1.0;
				PRODUCT_BUNDLE_IDENTIFIER = "com.vikasmet.ToDoListOfYandex-SMDTests";
				PRODUCT_NAME = "$(TARGET_NAME)";
				SWIFT_EMIT_LOC_STRINGS = NO;
				SWIFT_VERSION = 5.0;
				TARGETED_DEVICE_FAMILY = "1,2";
				TEST_HOST = "$(BUILT_PRODUCTS_DIR)/ToDoListOfYandex_SMD.app/$(BUNDLE_EXECUTABLE_FOLDER_PATH)/ToDoListOfYandex_SMD";
			};
			name = Release;
		};
		3CBF69822C23171000CF97EF /* Debug */ = {
			isa = XCBuildConfiguration;
			buildSettings = {
				ALWAYS_EMBED_SWIFT_STANDARD_LIBRARIES = YES;
				CODE_SIGN_STYLE = Automatic;
				CURRENT_PROJECT_VERSION = 1;
				DEVELOPMENT_TEAM = KKQT27JS9K;
				GENERATE_INFOPLIST_FILE = YES;
				MARKETING_VERSION = 1.0;
				PRODUCT_BUNDLE_IDENTIFIER = "com.vikasmet.ToDoListOfYandex-SMDUITests";
				PRODUCT_NAME = "$(TARGET_NAME)";
				SWIFT_EMIT_LOC_STRINGS = NO;
				SWIFT_VERSION = 5.0;
				TARGETED_DEVICE_FAMILY = "1,2";
				TEST_TARGET_NAME = ToDoListOfYandex_SMD;
			};
			name = Debug;
		};
		3CBF69832C23171000CF97EF /* Release */ = {
			isa = XCBuildConfiguration;
			buildSettings = {
				ALWAYS_EMBED_SWIFT_STANDARD_LIBRARIES = YES;
				CODE_SIGN_STYLE = Automatic;
				CURRENT_PROJECT_VERSION = 1;
				DEVELOPMENT_TEAM = KKQT27JS9K;
				GENERATE_INFOPLIST_FILE = YES;
				MARKETING_VERSION = 1.0;
				PRODUCT_BUNDLE_IDENTIFIER = "com.vikasmet.ToDoListOfYandex-SMDUITests";
				PRODUCT_NAME = "$(TARGET_NAME)";
				SWIFT_EMIT_LOC_STRINGS = NO;
				SWIFT_VERSION = 5.0;
				TARGETED_DEVICE_FAMILY = "1,2";
				TEST_TARGET_NAME = ToDoListOfYandex_SMD;
			};
			name = Release;
		};
/* End XCBuildConfiguration section */

/* Begin XCConfigurationList section */
		3CBF69522C23170F00CF97EF /* Build configuration list for PBXProject "ToDoListOfYandex_SMD" */ = {
			isa = XCConfigurationList;
			buildConfigurations = (
				3CBF69792C23171000CF97EF /* Debug */,
				3CBF697A2C23171000CF97EF /* Release */,
			);
			defaultConfigurationIsVisible = 0;
			defaultConfigurationName = Release;
		};
		3CBF697B2C23171000CF97EF /* Build configuration list for PBXNativeTarget "ToDoListOfYandex_SMD" */ = {
			isa = XCConfigurationList;
			buildConfigurations = (
				3CBF697C2C23171000CF97EF /* Debug */,
				3CBF697D2C23171000CF97EF /* Release */,
			);
			defaultConfigurationIsVisible = 0;
			defaultConfigurationName = Release;
		};
		3CBF697E2C23171000CF97EF /* Build configuration list for PBXNativeTarget "ToDoListOfYandex_SMDTests" */ = {
			isa = XCConfigurationList;
			buildConfigurations = (
				3CBF697F2C23171000CF97EF /* Debug */,
				3CBF69802C23171000CF97EF /* Release */,
			);
			defaultConfigurationIsVisible = 0;
			defaultConfigurationName = Release;
		};
		3CBF69812C23171000CF97EF /* Build configuration list for PBXNativeTarget "ToDoListOfYandex_SMDUITests" */ = {
			isa = XCConfigurationList;
			buildConfigurations = (
				3CBF69822C23171000CF97EF /* Debug */,
				3CBF69832C23171000CF97EF /* Release */,
			);
			defaultConfigurationIsVisible = 0;
			defaultConfigurationName = Release;
		};
/* End XCConfigurationList section */
	};
	rootObject = 3CBF694F2C23170F00CF97EF /* Project object */;
}
